
Microsoft Visual Studio Solution File, Format Version 12.00
# Visual Studio 15
VisualStudioVersion = 15.0.28307.102
MinimumVisualStudioVersion = 10.0.40219.1
Project("{8BC9CEB8-8B4A-11D0-8D11-00A0C91BC942}") = "test_msvc", "test_msvc\test_msvc.vcxproj", "{D3B7010C-7A50-4BFC-8D23-80C51AE83EA9}"
EndProject
Global
	GlobalSection(SolutionConfigurationPlatforms) = preSolution
		Debug|x64 = Debug|x64
		Debug|x86 = Debug|x86
		Release|x64 = Release|x64
		Release|x86 = Release|x86
	EndGlobalSection
	GlobalSection(ProjectConfigurationPlatforms) = postSolution
		{D3B7010C-7A50-4BFC-8D23-80C51AE83EA9}.Debug|x64.ActiveCfg = Debug|x64
		{D3B7010C-7A50-4BFC-8D23-80C51AE83EA9}.Debug|x64.Build.0 = Debug|x64
		{D3B7010C-7A50-4BFC-8D23-80C51AE83EA9}.Debug|x86.ActiveCfg = Debug|Win32
		{D3B7010C-7A50-4BFC-8D23-80C51AE83EA9}.Debug|x86.Build.0 = Debug|Win32
		{D3B7010C-7A50-4BFC-8D23-80C51AE83EA9}.Release|x64.ActiveCfg = Release|x64
		{D3B7010C-7A50-4BFC-8D23-80C51AE83EA9}.Release|x64.Build.0 = Release|x64
		{D3B7010C-7A50-4BFC-8D23-80C51AE83EA9}.Release|x86.ActiveCfg = Release|Win32
		{D3B7010C-7A50-4BFC-8D23-80C51AE83EA9}.Release|x86.Build.0 = Release|Win32
	EndGlobalSection
	GlobalSection(SolutionProperties) = preSolution
		HideSolutionNode = FALSE
	EndGlobalSection
	GlobalSection(ExtensibilityGlobals) = postSolution
		SolutionGuid = {AAE703F2-CB23-4AE4-9F08-BD1251258B5A}
	EndGlobalSection
EndGlobal
